
Microsoft Visual Studio Solution File, Format Version 12.00
# Visual Studio Version 17
VisualStudioVersion = 17.11.35303.130
MinimumVisualStudioVersion = 10.0.40219.1
Project("{2150E333-8FDC-42A3-9474-1A3956D46DE8}") = "Task0", "Task0", "{4D8FC0B9-EFC0-48CD-B73B-3C3304BACAAD}"
EndProject
Project("{9A19103F-16F7-4668-BE54-9A1E7A4F7556}") = "Tyuiu.BerezovskayaGO.Sprint2.Task0.V29", "Tyuiu.BerezovskayaGO.Sprint2.Task0.V29\Tyuiu.BerezovskayaGO.Sprint2.Task0.V29.csproj", "{A0BDA466-D6F8-4089-B72C-87208DAB56E7}"
EndProject
Project("{9A19103F-16F7-4668-BE54-9A1E7A4F7556}") = "Tyuiu.BerezovskayaGO.Sprint2.Task0.V29.Test", "Tyuiu.BerezovskayaGO.Sprint2.Task0.V29.Test\Tyuiu.BerezovskayaGO.Sprint2.Task0.V29.Test.csproj", "{AEE349F5-AE31-43F1-B841-DC2F34F9234A}"
EndProject
Project("{9A19103F-16F7-4668-BE54-9A1E7A4F7556}") = "Tyuiu.BerezovskayaGO.Sprint2.Task0.V29.Lib", "Tyuiu.BerezovskayaGO.Sprint2.Task0.V29.Lib\Tyuiu.BerezovskayaGO.Sprint2.Task0.V29.Lib.csproj", "{A66BA378-77CD-48E6-9CDC-38606DDF55B5}"
EndProject
Project("{2150E333-8FDC-42A3-9474-1A3956D46DE8}") = "Task1", "Task1", "{C23E1D43-2BE8-4972-8A05-E94E21957EB8}"
EndProject
Project("{9A19103F-16F7-4668-BE54-9A1E7A4F7556}") = "Tyuiu.BerezovskayaGO.Sprint2.Task1.V14", "Tyuiu.BerezovskayaGO.Sprint2.Task1.V14\Tyuiu.BerezovskayaGO.Sprint2.Task1.V14.csproj", "{DF2CD92B-0F99-432C-B5AE-EE2332FA2A09}"
EndProject
Project("{9A19103F-16F7-4668-BE54-9A1E7A4F7556}") = "Tyuiu.BerezovskayaGO.Sprint2.Task1.V14.Lib", "Tyuiu.BerezovskayaGO.Sprint2.Task1.V14.Lib\Tyuiu.BerezovskayaGO.Sprint2.Task1.V14.Lib.csproj", "{5C5FCBC2-A83A-4BFF-A04E-1E68E2988408}"
EndProject
Project("{9A19103F-16F7-4668-BE54-9A1E7A4F7556}") = "Tyuiu.BerezovskayaGO.Sprint2.Task1.V14.Test", "Tyuiu.BerezovskayaGO.Sprint2.Task1.V14.Test\Tyuiu.BerezovskayaGO.Sprint2.Task1.V14.Test.csproj", "{AAAF72A4-37B6-4ADA-AD74-48B162378614}"
EndProject
Project("{2150E333-8FDC-42A3-9474-1A3956D46DE8}") = "Task2", "Task2", "{9A3D7C1D-0272-4439-B868-7D9194F96757}"
EndProject
Project("{9A19103F-16F7-4668-BE54-9A1E7A4F7556}") = "Tyuiu.BerezovskayaGO.Sprint2.Task2.V22", "Tyuiu.BerezovskayaGO.Sprint2.Task2.V22\Tyuiu.BerezovskayaGO.Sprint2.Task2.V22.csproj", "{8E9D9212-B1CF-4747-B79D-175108E80D91}"
EndProject
Project("{9A19103F-16F7-4668-BE54-9A1E7A4F7556}") = "Tyuiu.BerezovskayaGO.Sprint2.Task2.V22.Lib", "Tyuiu.BerezovskayaGO.Sprint2.Task2.V22.Lib\Tyuiu.BerezovskayaGO.Sprint2.Task2.V22.Lib.csproj", "{2FFCA63A-6848-44F0-B2DA-83C3F2697059}"
EndProject
Project("{9A19103F-16F7-4668-BE54-9A1E7A4F7556}") = "Tyuiu.BerezovskayaGO.Sprint2.Task2.V22.Test", "Tyuiu.BerezovskayaGO.Sprint2.Task2.V22.Test\Tyuiu.BerezovskayaGO.Sprint2.Task2.V22.Test.csproj", "{EA2B3C2C-7C5C-452A-82E7-C872E0AC1F10}"
EndProject
Project("{2150E333-8FDC-42A3-9474-1A3956D46DE8}") = "Task3", "Task3", "{220AD625-BBB4-4FA7-A8C3-E34DC23F2C97}"
EndProject
Project("{9A19103F-16F7-4668-BE54-9A1E7A4F7556}") = "Tyuiu.BerezovskayaGO.Sprint2.Task3.V26", "Tyuiu.BerezovskayaGO.Sprint2.Task3.V26\Tyuiu.BerezovskayaGO.Sprint2.Task3.V26.csproj", "{0F7C2E1A-7EEC-4049-B081-49997C2FDACE}"
EndProject
Project("{9A19103F-16F7-4668-BE54-9A1E7A4F7556}") = "Tyuiu.BerezovskayaGO.Sprint2.Task3.V26.Lib", "Tyuiu.BerezovskayaGO.Sprint2.Task3.V26.Lib\Tyuiu.BerezovskayaGO.Sprint2.Task3.V26.Lib.csproj", "{49AF4F1C-2479-4886-A80F-2C04D6E1FB4B}"
EndProject
Project("{9A19103F-16F7-4668-BE54-9A1E7A4F7556}") = "Tyuiu.BerezovskayaGO.Sprint2.Task3.V26.Test", "Tyuiu.BerezovskayaGO.Sprint2.Task3.V26.Test\Tyuiu.BerezovskayaGO.Sprint2.Task3.V26.Test.csproj", "{98E868E0-8036-4D00-9DEB-CE66433A19ED}"
EndProject
Project("{2150E333-8FDC-42A3-9474-1A3956D46DE8}") = "Task4", "Task4", "{FAA932B2-C154-434F-BFC7-131F25E95262}"
EndProject
Project("{9A19103F-16F7-4668-BE54-9A1E7A4F7556}") = "Tyuiu.BerezovskayaGO.Sprint2.Task4.V27", "Tyuiu.BerezovskayaGO.Sprint2.Task4.V27\Tyuiu.BerezovskayaGO.Sprint2.Task4.V27.csproj", "{4CBA3A9E-39DE-45AA-8E9A-26F80F9671D9}"
EndProject
Project("{9A19103F-16F7-4668-BE54-9A1E7A4F7556}") = "Tyuiu.BerezovskayaGO.Sprint2.Task4.V27.Lib", "Tyuiu.BerezovskayaGO.Sprint2.Task4.V27.Lib\Tyuiu.BerezovskayaGO.Sprint2.Task4.V27.Lib.csproj", "{D77D638E-E9AB-4930-87DD-A4324805A1AD}"
EndProject
Project("{9A19103F-16F7-4668-BE54-9A1E7A4F7556}") = "Tyuiu.BerezovskayaGO.Sprint2.Task4.V27.Test", "Tyuiu.BerezovskayaGO.Sprint2.Task4.V27.Test\Tyuiu.BerezovskayaGO.Sprint2.Task4.V27.Test.csproj", "{0B1E4E5C-0F49-468C-9310-B96A00C0BA83}"
EndProject
Project("{2150E333-8FDC-42A3-9474-1A3956D46DE8}") = "Task5", "Task5", "{F9587CFF-74E0-4D72-8528-B5A70F0D4902}"
EndProject
Project("{9A19103F-16F7-4668-BE54-9A1E7A4F7556}") = "Tyuiu.BerezovskayaGO.Sprint2.Task5.V9", "Tyuiu.BerezovskayaGO.Sprint2.Task5.V9\Tyuiu.BerezovskayaGO.Sprint2.Task5.V9.csproj", "{CBECAEAF-A9D4-4833-B94B-1B17CC28B821}"
EndProject
Project("{9A19103F-16F7-4668-BE54-9A1E7A4F7556}") = "Tyuiu.BerezovskayaGO.Sprint2.Task5.V9.Lib", "Tyuiu.BerezovskayaGO.Sprint2.Task5.V9.Lib\Tyuiu.BerezovskayaGO.Sprint2.Task5.V9.Lib.csproj", "{A263E40F-7F41-4908-87C4-00C52E64451F}"
EndProject
Project("{9A19103F-16F7-4668-BE54-9A1E7A4F7556}") = "Tyuiu.BerezovskayaGO.Sprint2.Task5.V9.Test", "Tyuiu.BerezovskayaGO.Sprint2.Task5.V9.Test\Tyuiu.BerezovskayaGO.Sprint2.Task5.V9.Test.csproj", "{98188141-1E6E-4957-945D-35073DF90806}"
EndProject
Project("{2150E333-8FDC-42A3-9474-1A3956D46DE8}") = "Task6", "Task6", "{2F995462-C579-40C5-A0EF-ADC37D026239}"
EndProject
Project("{FAE04EC0-301F-11D3-BF4B-00C04F79EFBC}") = "Tyuiu.BerezovskayaGO.Sprint2.Task6.V2", "Tyuiu.BerezovskayaGO.Sprint2.Task6.V2\Tyuiu.BerezovskayaGO.Sprint2.Task6.V2.csproj", "{9FDC2577-8885-4152-88F9-134E8E101EFB}"
EndProject
Project("{FAE04EC0-301F-11D3-BF4B-00C04F79EFBC}") = "Tyuiu.BerezovskayaGO.Sprint2.Task6.V2.Lib", "Tyuiu.BerezovskayaGO.Sprint2.Task6.V2.Lib\Tyuiu.BerezovskayaGO.Sprint2.Task6.V2.Lib.csproj", "{584A615C-0F6A-4C72-8BC1-98529384DBF0}"
EndProject
Project("{FAE04EC0-301F-11D3-BF4B-00C04F79EFBC}") = "Tyuiu.BerezovskayaGO.Sprint2.Task6.V2.Test", "Tyuiu.BerezovskayaGO.Sprint2.Task6.V2.Test\Tyuiu.BerezovskayaGO.Sprint2.Task6.V2.Test.csproj", "{D6B7A450-9CE6-4CEE-A443-A3BD21DDC143}"
EndProject
Global
	GlobalSection(SolutionConfigurationPlatforms) = preSolution
		Debug|Any CPU = Debug|Any CPU
		Release|Any CPU = Release|Any CPU
	EndGlobalSection
	GlobalSection(ProjectConfigurationPlatforms) = postSolution
		{A0BDA466-D6F8-4089-B72C-87208DAB56E7}.Debug|Any CPU.ActiveCfg = Debug|Any CPU
		{A0BDA466-D6F8-4089-B72C-87208DAB56E7}.Debug|Any CPU.Build.0 = Debug|Any CPU
		{A0BDA466-D6F8-4089-B72C-87208DAB56E7}.Release|Any CPU.ActiveCfg = Release|Any CPU
		{A0BDA466-D6F8-4089-B72C-87208DAB56E7}.Release|Any CPU.Build.0 = Release|Any CPU
		{AEE349F5-AE31-43F1-B841-DC2F34F9234A}.Debug|Any CPU.ActiveCfg = Debug|Any CPU
		{AEE349F5-AE31-43F1-B841-DC2F34F9234A}.Debug|Any CPU.Build.0 = Debug|Any CPU
		{AEE349F5-AE31-43F1-B841-DC2F34F9234A}.Release|Any CPU.ActiveCfg = Release|Any CPU
		{AEE349F5-AE31-43F1-B841-DC2F34F9234A}.Release|Any CPU.Build.0 = Release|Any CPU
		{A66BA378-77CD-48E6-9CDC-38606DDF55B5}.Debug|Any CPU.ActiveCfg = Debug|Any CPU
		{A66BA378-77CD-48E6-9CDC-38606DDF55B5}.Debug|Any CPU.Build.0 = Debug|Any CPU
		{A66BA378-77CD-48E6-9CDC-38606DDF55B5}.Release|Any CPU.ActiveCfg = Release|Any CPU
		{A66BA378-77CD-48E6-9CDC-38606DDF55B5}.Release|Any CPU.Build.0 = Release|Any CPU
		{DF2CD92B-0F99-432C-B5AE-EE2332FA2A09}.Debug|Any CPU.ActiveCfg = Debug|Any CPU
		{DF2CD92B-0F99-432C-B5AE-EE2332FA2A09}.Debug|Any CPU.Build.0 = Debug|Any CPU
		{DF2CD92B-0F99-432C-B5AE-EE2332FA2A09}.Release|Any CPU.ActiveCfg = Release|Any CPU
		{DF2CD92B-0F99-432C-B5AE-EE2332FA2A09}.Release|Any CPU.Build.0 = Release|Any CPU
		{5C5FCBC2-A83A-4BFF-A04E-1E68E2988408}.Debug|Any CPU.ActiveCfg = Debug|Any CPU
		{5C5FCBC2-A83A-4BFF-A04E-1E68E2988408}.Debug|Any CPU.Build.0 = Debug|Any CPU
		{5C5FCBC2-A83A-4BFF-A04E-1E68E2988408}.Release|Any CPU.ActiveCfg = Release|Any CPU
		{5C5FCBC2-A83A-4BFF-A04E-1E68E2988408}.Release|Any CPU.Build.0 = Release|Any CPU
		{AAAF72A4-37B6-4ADA-AD74-48B162378614}.Debug|Any CPU.ActiveCfg = Debug|Any CPU
		{AAAF72A4-37B6-4ADA-AD74-48B162378614}.Debug|Any CPU.Build.0 = Debug|Any CPU
		{AAAF72A4-37B6-4ADA-AD74-48B162378614}.Release|Any CPU.ActiveCfg = Release|Any CPU
		{AAAF72A4-37B6-4ADA-AD74-48B162378614}.Release|Any CPU.Build.0 = Release|Any CPU
		{8E9D9212-B1CF-4747-B79D-175108E80D91}.Debug|Any CPU.ActiveCfg = Debug|Any CPU
		{8E9D9212-B1CF-4747-B79D-175108E80D91}.Debug|Any CPU.Build.0 = Debug|Any CPU
		{8E9D9212-B1CF-4747-B79D-175108E80D91}.Release|Any CPU.ActiveCfg = Release|Any CPU
		{8E9D9212-B1CF-4747-B79D-175108E80D91}.Release|Any CPU.Build.0 = Release|Any CPU
		{2FFCA63A-6848-44F0-B2DA-83C3F2697059}.Debug|Any CPU.ActiveCfg = Debug|Any CPU
		{2FFCA63A-6848-44F0-B2DA-83C3F2697059}.Debug|Any CPU.Build.0 = Debug|Any CPU
		{2FFCA63A-6848-44F0-B2DA-83C3F2697059}.Release|Any CPU.ActiveCfg = Release|Any CPU
		{2FFCA63A-6848-44F0-B2DA-83C3F2697059}.Release|Any CPU.Build.0 = Release|Any CPU
		{EA2B3C2C-7C5C-452A-82E7-C872E0AC1F10}.Debug|Any CPU.ActiveCfg = Debug|Any CPU
		{EA2B3C2C-7C5C-452A-82E7-C872E0AC1F10}.Debug|Any CPU.Build.0 = Debug|Any CPU
		{EA2B3C2C-7C5C-452A-82E7-C872E0AC1F10}.Release|Any CPU.ActiveCfg = Release|Any CPU
		{EA2B3C2C-7C5C-452A-82E7-C872E0AC1F10}.Release|Any CPU.Build.0 = Release|Any CPU
		{0F7C2E1A-7EEC-4049-B081-49997C2FDACE}.Debug|Any CPU.ActiveCfg = Debug|Any CPU
		{0F7C2E1A-7EEC-4049-B081-49997C2FDACE}.Debug|Any CPU.Build.0 = Debug|Any CPU
		{0F7C2E1A-7EEC-4049-B081-49997C2FDACE}.Release|Any CPU.ActiveCfg = Release|Any CPU
		{0F7C2E1A-7EEC-4049-B081-49997C2FDACE}.Release|Any CPU.Build.0 = Release|Any CPU
		{49AF4F1C-2479-4886-A80F-2C04D6E1FB4B}.Debug|Any CPU.ActiveCfg = Debug|Any CPU
		{49AF4F1C-2479-4886-A80F-2C04D6E1FB4B}.Debug|Any CPU.Build.0 = Debug|Any CPU
		{49AF4F1C-2479-4886-A80F-2C04D6E1FB4B}.Release|Any CPU.ActiveCfg = Release|Any CPU
		{49AF4F1C-2479-4886-A80F-2C04D6E1FB4B}.Release|Any CPU.Build.0 = Release|Any CPU
		{98E868E0-8036-4D00-9DEB-CE66433A19ED}.Debug|Any CPU.ActiveCfg = Debug|Any CPU
		{98E868E0-8036-4D00-9DEB-CE66433A19ED}.Debug|Any CPU.Build.0 = Debug|Any CPU
		{98E868E0-8036-4D00-9DEB-CE66433A19ED}.Release|Any CPU.ActiveCfg = Release|Any CPU
		{98E868E0-8036-4D00-9DEB-CE66433A19ED}.Release|Any CPU.Build.0 = Release|Any CPU
		{4CBA3A9E-39DE-45AA-8E9A-26F80F9671D9}.Debug|Any CPU.ActiveCfg = Debug|Any CPU
		{4CBA3A9E-39DE-45AA-8E9A-26F80F9671D9}.Debug|Any CPU.Build.0 = Debug|Any CPU
		{4CBA3A9E-39DE-45AA-8E9A-26F80F9671D9}.Release|Any CPU.ActiveCfg = Release|Any CPU
		{4CBA3A9E-39DE-45AA-8E9A-26F80F9671D9}.Release|Any CPU.Build.0 = Release|Any CPU
		{D77D638E-E9AB-4930-87DD-A4324805A1AD}.Debug|Any CPU.ActiveCfg = Debug|Any CPU
		{D77D638E-E9AB-4930-87DD-A4324805A1AD}.Debug|Any CPU.Build.0 = Debug|Any CPU
		{D77D638E-E9AB-4930-87DD-A4324805A1AD}.Release|Any CPU.ActiveCfg = Release|Any CPU
		{D77D638E-E9AB-4930-87DD-A4324805A1AD}.Release|Any CPU.Build.0 = Release|Any CPU
		{0B1E4E5C-0F49-468C-9310-B96A00C0BA83}.Debug|Any CPU.ActiveCfg = Debug|Any CPU
		{0B1E4E5C-0F49-468C-9310-B96A00C0BA83}.Debug|Any CPU.Build.0 = Debug|Any CPU
		{0B1E4E5C-0F49-468C-9310-B96A00C0BA83}.Release|Any CPU.ActiveCfg = Release|Any CPU
		{0B1E4E5C-0F49-468C-9310-B96A00C0BA83}.Release|Any CPU.Build.0 = Release|Any CPU
		{CBECAEAF-A9D4-4833-B94B-1B17CC28B821}.Debug|Any CPU.ActiveCfg = Debug|Any CPU
		{CBECAEAF-A9D4-4833-B94B-1B17CC28B821}.Debug|Any CPU.Build.0 = Debug|Any CPU
		{CBECAEAF-A9D4-4833-B94B-1B17CC28B821}.Release|Any CPU.ActiveCfg = Release|Any CPU
		{CBECAEAF-A9D4-4833-B94B-1B17CC28B821}.Release|Any CPU.Build.0 = Release|Any CPU
		{A263E40F-7F41-4908-87C4-00C52E64451F}.Debug|Any CPU.ActiveCfg = Debug|Any CPU
		{A263E40F-7F41-4908-87C4-00C52E64451F}.Debug|Any CPU.Build.0 = Debug|Any CPU
		{A263E40F-7F41-4908-87C4-00C52E64451F}.Release|Any CPU.ActiveCfg = Release|Any CPU
		{A263E40F-7F41-4908-87C4-00C52E64451F}.Release|Any CPU.Build.0 = Release|Any CPU
		{98188141-1E6E-4957-945D-35073DF90806}.Debug|Any CPU.ActiveCfg = Debug|Any CPU
		{98188141-1E6E-4957-945D-35073DF90806}.Debug|Any CPU.Build.0 = Debug|Any CPU
		{98188141-1E6E-4957-945D-35073DF90806}.Release|Any CPU.ActiveCfg = Release|Any CPU
		{98188141-1E6E-4957-945D-35073DF90806}.Release|Any CPU.Build.0 = Release|Any CPU
		{9FDC2577-8885-4152-88F9-134E8E101EFB}.Debug|Any CPU.ActiveCfg = Debug|Any CPU
		{9FDC2577-8885-4152-88F9-134E8E101EFB}.Debug|Any CPU.Build.0 = Debug|Any CPU
		{9FDC2577-8885-4152-88F9-134E8E101EFB}.Release|Any CPU.ActiveCfg = Release|Any CPU
		{9FDC2577-8885-4152-88F9-134E8E101EFB}.Release|Any CPU.Build.0 = Release|Any CPU
		{584A615C-0F6A-4C72-8BC1-98529384DBF0}.Debug|Any CPU.ActiveCfg = Debug|Any CPU
		{584A615C-0F6A-4C72-8BC1-98529384DBF0}.Debug|Any CPU.Build.0 = Debug|Any CPU
		{584A615C-0F6A-4C72-8BC1-98529384DBF0}.Release|Any CPU.ActiveCfg = Release|Any CPU
		{584A615C-0F6A-4C72-8BC1-98529384DBF0}.Release|Any CPU.Build.0 = Release|Any CPU
		{D6B7A450-9CE6-4CEE-A443-A3BD21DDC143}.Debug|Any CPU.ActiveCfg = Debug|Any CPU
		{D6B7A450-9CE6-4CEE-A443-A3BD21DDC143}.Debug|Any CPU.Build.0 = Debug|Any CPU
		{D6B7A450-9CE6-4CEE-A443-A3BD21DDC143}.Release|Any CPU.ActiveCfg = Release|Any CPU
		{D6B7A450-9CE6-4CEE-A443-A3BD21DDC143}.Release|Any CPU.Build.0 = Release|Any CPU
	EndGlobalSection
	GlobalSection(SolutionProperties) = preSolution
		HideSolutionNode = FALSE
	EndGlobalSection
	GlobalSection(NestedProjects) = preSolution
		{A0BDA466-D6F8-4089-B72C-87208DAB56E7} = {4D8FC0B9-EFC0-48CD-B73B-3C3304BACAAD}
		{AEE349F5-AE31-43F1-B841-DC2F34F9234A} = {4D8FC0B9-EFC0-48CD-B73B-3C3304BACAAD}
		{A66BA378-77CD-48E6-9CDC-38606DDF55B5} = {4D8FC0B9-EFC0-48CD-B73B-3C3304BACAAD}
		{DF2CD92B-0F99-432C-B5AE-EE2332FA2A09} = {C23E1D43-2BE8-4972-8A05-E94E21957EB8}
		{5C5FCBC2-A83A-4BFF-A04E-1E68E2988408} = {C23E1D43-2BE8-4972-8A05-E94E21957EB8}
		{AAAF72A4-37B6-4ADA-AD74-48B162378614} = {C23E1D43-2BE8-4972-8A05-E94E21957EB8}
		{8E9D9212-B1CF-4747-B79D-175108E80D91} = {9A3D7C1D-0272-4439-B868-7D9194F96757}
		{2FFCA63A-6848-44F0-B2DA-83C3F2697059} = {9A3D7C1D-0272-4439-B868-7D9194F96757}
		{EA2B3C2C-7C5C-452A-82E7-C872E0AC1F10} = {9A3D7C1D-0272-4439-B868-7D9194F96757}
		{0F7C2E1A-7EEC-4049-B081-49997C2FDACE} = {220AD625-BBB4-4FA7-A8C3-E34DC23F2C97}
		{49AF4F1C-2479-4886-A80F-2C04D6E1FB4B} = {220AD625-BBB4-4FA7-A8C3-E34DC23F2C97}
		{98E868E0-8036-4D00-9DEB-CE66433A19ED} = {220AD625-BBB4-4FA7-A8C3-E34DC23F2C97}
		{4CBA3A9E-39DE-45AA-8E9A-26F80F9671D9} = {FAA932B2-C154-434F-BFC7-131F25E95262}
		{D77D638E-E9AB-4930-87DD-A4324805A1AD} = {FAA932B2-C154-434F-BFC7-131F25E95262}
		{0B1E4E5C-0F49-468C-9310-B96A00C0BA83} = {FAA932B2-C154-434F-BFC7-131F25E95262}
		{CBECAEAF-A9D4-4833-B94B-1B17CC28B821} = {F9587CFF-74E0-4D72-8528-B5A70F0D4902}
		{A263E40F-7F41-4908-87C4-00C52E64451F} = {F9587CFF-74E0-4D72-8528-B5A70F0D4902}
		{98188141-1E6E-4957-945D-35073DF90806} = {F9587CFF-74E0-4D72-8528-B5A70F0D4902}
		{9FDC2577-8885-4152-88F9-134E8E101EFB} = {2F995462-C579-40C5-A0EF-ADC37D026239}
		{584A615C-0F6A-4C72-8BC1-98529384DBF0} = {2F995462-C579-40C5-A0EF-ADC37D026239}
		{D6B7A450-9CE6-4CEE-A443-A3BD21DDC143} = {2F995462-C579-40C5-A0EF-ADC37D026239}
	EndGlobalSection
	GlobalSection(ExtensibilityGlobals) = postSolution
		SolutionGuid = {02AC4291-049D-4128-B8E5-5C8DF47EDBA8}
	EndGlobalSection
EndGlobal
